
Microsoft Visual Studio Solution File, Format Version 12.00
# Visual Studio 15
VisualStudioVersion = 15.0.27703.2000
MinimumVisualStudioVersion = 10.0.40219.1
Project("{8BC9CEB8-8B4A-11D0-8D11-00A0C91BC942}") = "TrafficInfoSystem", "TrafficInfoSystem\TrafficInfoSystem.vcxproj", "{B4F7084A-A409-4814-8DC9-54BE13847DE3}"
EndProject
Global
	GlobalSection(SolutionConfigurationPlatforms) = preSolution
		Debug|x64 = Debug|x64
		Debug|x86 = Debug|x86
		Release|x64 = Release|x64
		Release|x86 = Release|x86
	EndGlobalSection
	GlobalSection(ProjectConfigurationPlatforms) = postSolution
		{B4F7084A-A409-4814-8DC9-54BE13847DE3}.Debug|x64.ActiveCfg = Debug|x64
		{B4F7084A-A409-4814-8DC9-54BE13847DE3}.Debug|x64.Build.0 = Debug|x64
		{B4F7084A-A409-4814-8DC9-54BE13847DE3}.Debug|x86.ActiveCfg = Debug|Win32
		{B4F7084A-A409-4814-8DC9-54BE13847DE3}.Debug|x86.Build.0 = Debug|Win32
		{B4F7084A-A409-4814-8DC9-54BE13847DE3}.Release|x64.ActiveCfg = Release|x64
		{B4F7084A-A409-4814-8DC9-54BE13847DE3}.Release|x64.Build.0 = Release|x64
		{B4F7084A-A409-4814-8DC9-54BE13847DE3}.Release|x86.ActiveCfg = Release|Win32
		{B4F7084A-A409-4814-8DC9-54BE13847DE3}.Release|x86.Build.0 = Release|Win32
	EndGlobalSection
	GlobalSection(SolutionProperties) = preSolution
		HideSolutionNode = FALSE
	EndGlobalSection
	GlobalSection(ExtensibilityGlobals) = postSolution
		SolutionGuid = {DFB63FF8-F999-4C14-B81D-DAE854BCF29C}
	EndGlobalSection
EndGlobal
